
Microsoft Visual Studio Solution File, Format Version 12.00
# Visual Studio Version 17
VisualStudioVersion = 17.3.32922.545
MinimumVisualStudioVersion = 10.0.40219.1
Project("{FAE04EC0-301F-11D3-BF4B-00C04F79EFBC}") = "Supermercado", "Supermercado\Supermercado.csproj", "{A5A25761-5B4D-443E-BF1B-62AF60AD7028}"
EndProject
Global
	GlobalSection(SolutionConfigurationPlatforms) = preSolution
		Debug|Any CPU = Debug|Any CPU
		Release|Any CPU = Release|Any CPU
	EndGlobalSection
	GlobalSection(ProjectConfigurationPlatforms) = postSolution
		{A5A25761-5B4D-443E-BF1B-62AF60AD7028}.Debug|Any CPU.ActiveCfg = Debug|Any CPU
		{A5A25761-5B4D-443E-BF1B-62AF60AD7028}.Debug|Any CPU.Build.0 = Debug|Any CPU
		{A5A25761-5B4D-443E-BF1B-62AF60AD7028}.Release|Any CPU.ActiveCfg = Release|Any CPU
		{A5A25761-5B4D-443E-BF1B-62AF60AD7028}.Release|Any CPU.Build.0 = Release|Any CPU
	EndGlobalSection
	GlobalSection(SolutionProperties) = preSolution
		HideSolutionNode = FALSE
	EndGlobalSection
	GlobalSection(ExtensibilityGlobals) = postSolution
		SolutionGuid = {C4CDD63F-0ECD-4F38-BD36-CF980780992E}
	EndGlobalSection
EndGlobal
