
Microsoft Visual Studio Solution File, Format Version 12.00
# Visual Studio Version 17
VisualStudioVersion = 17.3.32922.545
MinimumVisualStudioVersion = 10.0.40219.1
Project("{FAE04EC0-301F-11D3-BF4B-00C04F79EFBC}") = "Farmaceutica", "Farmaceutica\Farmaceutica.csproj", "{215FE825-2D25-4483-BE74-5F2E096AB7FC}"
EndProject
Global
	GlobalSection(SolutionConfigurationPlatforms) = preSolution
		Debug|Any CPU = Debug|Any CPU
		Release|Any CPU = Release|Any CPU
	EndGlobalSection
	GlobalSection(ProjectConfigurationPlatforms) = postSolution
		{215FE825-2D25-4483-BE74-5F2E096AB7FC}.Debug|Any CPU.ActiveCfg = Debug|Any CPU
		{215FE825-2D25-4483-BE74-5F2E096AB7FC}.Debug|Any CPU.Build.0 = Debug|Any CPU
		{215FE825-2D25-4483-BE74-5F2E096AB7FC}.Release|Any CPU.ActiveCfg = Release|Any CPU
		{215FE825-2D25-4483-BE74-5F2E096AB7FC}.Release|Any CPU.Build.0 = Release|Any CPU
	EndGlobalSection
	GlobalSection(SolutionProperties) = preSolution
		HideSolutionNode = FALSE
	EndGlobalSection
	GlobalSection(ExtensibilityGlobals) = postSolution
		SolutionGuid = {95CF1EBD-69C9-424E-AB33-D6FB185F7133}
	EndGlobalSection
EndGlobal
